
Microsoft Visual Studio Solution File, Format Version 12.00
# Visual Studio Version 17
VisualStudioVersion = 17.3.32804.467
MinimumVisualStudioVersion = 10.0.40219.1
Project("{FAE04EC0-301F-11D3-BF4B-00C04F79EFBC}") = "EncodingTest", "EncodingTest\EncodingTest.csproj", "{968612DF-3958-4D62-B21F-FFC23A73EC16}"
EndProject
Global
	GlobalSection(SolutionConfigurationPlatforms) = preSolution
		Debug|Any CPU = Debug|Any CPU
		Release|Any CPU = Release|Any CPU
	EndGlobalSection
	GlobalSection(ProjectConfigurationPlatforms) = postSolution
		{968612DF-3958-4D62-B21F-FFC23A73EC16}.Debug|Any CPU.ActiveCfg = Debug|Any CPU
		{968612DF-3958-4D62-B21F-FFC23A73EC16}.Debug|Any CPU.Build.0 = Debug|Any CPU
		{968612DF-3958-4D62-B21F-FFC23A73EC16}.Release|Any CPU.ActiveCfg = Release|Any CPU
		{968612DF-3958-4D62-B21F-FFC23A73EC16}.Release|Any CPU.Build.0 = Release|Any CPU
	EndGlobalSection
	GlobalSection(SolutionProperties) = preSolution
		HideSolutionNode = FALSE
	EndGlobalSection
	GlobalSection(ExtensibilityGlobals) = postSolution
		SolutionGuid = {E5F22A3B-69F2-4460-ABAE-398C79B61458}
	EndGlobalSection
EndGlobal
